PODS:
  - FBSnapshotTestCase (2.1.0):
    - FBSnapshotTestCase/SwiftSupport (= 2.1.0)
  - FBSnapshotTestCase/Core (2.1.0)
  - FBSnapshotTestCase/SwiftSupport (2.1.0):
    - FBSnapshotTestCase/Core
  - SYBlinkAnimationKit (0.2.0)

DEPENDENCIES:
  - FBSnapshotTestCase
  - SYBlinkAnimationKit (from `../`)

EXTERNAL SOURCES:
  SYBlinkAnimationKit:
    :path: "../"

SPEC CHECKSUMS:
  FBSnapshotTestCase: 366ecd378511d7716c79991cd8067d1eed23578d
  SYBlinkAnimationKit: 87ddb3674b43d62a6135b72f40714cc87fb46966

COCOAPODS: 0.39.0
